
Microsoft Visual Studio Solution File, Format Version 12.00
# Visual Studio Version 17
VisualStudioVersion = 17.7.34031.279
MinimumVisualStudioVersion = 10.0.40219.1
Project("{FAE04EC0-301F-11D3-BF4B-00C04F79EFBC}") = "TYUIU.PurginDS.LibraryManagementNetCoreWebAppMVC", "TYUIU.PurginDS.LibraryManagementNetCoreWebAppMVC\TYUIU.PurginDS.LibraryManagementNetCoreWebAppMVC.csproj", "{8A5836EB-7786-48DF-8ED7-972B785F66C8}"
EndProject
Global
	GlobalSection(SolutionConfigurationPlatforms) = preSolution
		Debug|Any CPU = Debug|Any CPU
		Release|Any CPU = Release|Any CPU
	EndGlobalSection
	GlobalSection(ProjectConfigurationPlatforms) = postSolution
		{8A5836EB-7786-48DF-8ED7-972B785F66C8}.Debug|Any CPU.ActiveCfg = Debug|Any CPU
		{8A5836EB-7786-48DF-8ED7-972B785F66C8}.Debug|Any CPU.Build.0 = Debug|Any CPU
		{8A5836EB-7786-48DF-8ED7-972B785F66C8}.Release|Any CPU.ActiveCfg = Release|Any CPU
		{8A5836EB-7786-48DF-8ED7-972B785F66C8}.Release|Any CPU.Build.0 = Release|Any CPU
	EndGlobalSection
	GlobalSection(SolutionProperties) = preSolution
		HideSolutionNode = FALSE
	EndGlobalSection
	GlobalSection(ExtensibilityGlobals) = postSolution
		SolutionGuid = {EDD9C7BE-6BAD-44C7-9E76-58BCC089D652}
	EndGlobalSection
EndGlobal
